
Microsoft Visual Studio Solution File, Format Version 12.00
# Visual Studio 15
VisualStudioVersion = 15.0.28307.1169
MinimumVisualStudioVersion = 10.0.40219.1
Project("{FAE04EC0-301F-11D3-BF4B-00C04F79EFBC}") = "Lab1", "Lab1\Lab1.csproj", "{D61541A5-D526-4052-A7A8-5E456572FCDD}"
EndProject
Global
	GlobalSection(SolutionConfigurationPlatforms) = preSolution
		Debug|Any CPU = Debug|Any CPU
		Release|Any CPU = Release|Any CPU
	EndGlobalSection
	GlobalSection(ProjectConfigurationPlatforms) = postSolution
		{D61541A5-D526-4052-A7A8-5E456572FCDD}.Debug|Any CPU.ActiveCfg = Debug|Any CPU
		{D61541A5-D526-4052-A7A8-5E456572FCDD}.Debug|Any CPU.Build.0 = Debug|Any CPU
		{D61541A5-D526-4052-A7A8-5E456572FCDD}.Release|Any CPU.ActiveCfg = Release|Any CPU
		{D61541A5-D526-4052-A7A8-5E456572FCDD}.Release|Any CPU.Build.0 = Release|Any CPU
	EndGlobalSection
	GlobalSection(SolutionProperties) = preSolution
		HideSolutionNode = FALSE
	EndGlobalSection
	GlobalSection(ExtensibilityGlobals) = postSolution
		SolutionGuid = {6B64127C-D9DE-42CB-9574-BA5D178CEC09}
	EndGlobalSection
EndGlobal
