
Microsoft Visual Studio Solution File, Format Version 12.00
# Visual Studio 15
VisualStudioVersion = 15.0.28307.1169
MinimumVisualStudioVersion = 10.0.40219.1
Project("{FAE04EC0-301F-11D3-BF4B-00C04F79EFBC}") = "Lab5", "Lab5\Lab5.csproj", "{027363CE-4877-4682-9D3F-9FE7B850E217}"
EndProject
Global
	GlobalSection(SolutionConfigurationPlatforms) = preSolution
		Debug|Any CPU = Debug|Any CPU
		Release|Any CPU = Release|Any CPU
	EndGlobalSection
	GlobalSection(ProjectConfigurationPlatforms) = postSolution
		{027363CE-4877-4682-9D3F-9FE7B850E217}.Debug|Any CPU.ActiveCfg = Debug|Any CPU
		{027363CE-4877-4682-9D3F-9FE7B850E217}.Debug|Any CPU.Build.0 = Debug|Any CPU
		{027363CE-4877-4682-9D3F-9FE7B850E217}.Release|Any CPU.ActiveCfg = Release|Any CPU
		{027363CE-4877-4682-9D3F-9FE7B850E217}.Release|Any CPU.Build.0 = Release|Any CPU
	EndGlobalSection
	GlobalSection(SolutionProperties) = preSolution
		HideSolutionNode = FALSE
	EndGlobalSection
	GlobalSection(ExtensibilityGlobals) = postSolution
		SolutionGuid = {323E2DFA-0B9B-48D1-9181-117D94FFDB8A}
	EndGlobalSection
EndGlobal
